// !$*UTF8*$!
{
	archiveVersion = 1;
	classes = {
	};
	objectVersion = 46;
	objects = {

/* Begin PBXBuildFile section */
		CC1FEF6F1B685FD3005E9BC8 /* ShortcutCellView.swift in Sources */ = {isa = PBXBuildFile; fileRef = CC1FEF6E1B685FD3005E9BC8 /* ShortcutCellView.swift */; };
		CC4065BE1B6D334B000E1E87 /* Settings.swift in Sources */ = {isa = PBXBuildFile; fileRef = CC4065BD1B6D334B000E1E87 /* Settings.swift */; };
		CC4065C01B6DD9C3000E1E87 /* LaunchOnStartup.swift in Sources */ = {isa = PBXBuildFile; fileRef = CC4065BF1B6DD9C3000E1E87 /* LaunchOnStartup.swift */; };
		CC4181681B6CB3CB007DA794 /* SystemSettingViewController.swift in Sources */ = {isa = PBXBuildFile; fileRef = CC4181671B6CB3CB007DA794 /* SystemSettingViewController.swift */; };
		CC69E0761B663E1E00A92F58 /* PreferenceWindowController.swift in Sources */ = {isa = PBXBuildFile; fileRef = CC69E0751B663E1E00A92F58 /* PreferenceWindowController.swift */; };
		CC69E0781B66415300A92F58 /* ShortcutViewController.swift in Sources */ = {isa = PBXBuildFile; fileRef = CC69E0771B66415300A92F58 /* ShortcutViewController.swift */; };
		CC69E07A1B6646B200A92F58 /* StatusBar.swift in Sources */ = {isa = PBXBuildFile; fileRef = CC69E0791B6646B200A92F58 /* StatusBar.swift */; };
		CC69E07C1B665A5C00A92F58 /* ShortcutTableView.swift in Sources */ = {isa = PBXBuildFile; fileRef = CC69E07B1B665A5C00A92F58 /* ShortcutTableView.swift */; };
		CC6D8ECE1B654099005682C0 /* AppDelegate.swift in Sources */ = {isa = PBXBuildFile; fileRef = CC6D8ECD1B654099005682C0 /* AppDelegate.swift */; };
		CC6D8ED21B654099005682C0 /* Images.xcassets in Resources */ = {isa = PBXBuildFile; fileRef = CC6D8ED11B654099005682C0 /* Images.xcassets */; };
		CC6D8ED51B654099005682C0 /* Main.storyboard in Resources */ = {isa = PBXBuildFile; fileRef = CC6D8ED31B654099005682C0 /* Main.storyboard */; };
		CC6D8EE11B654099005682C0 /* kawaTests.swift in Sources */ = {isa = PBXBuildFile; fileRef = CC6D8EE01B654099005682C0 /* kawaTests.swift */; };
		CC6D8EEB1B654143005682C0 /* InputSourceManager.swift in Sources */ = {isa = PBXBuildFile; fileRef = CC6D8EEA1B654143005682C0 /* InputSourceManager.swift */; };
		CC9AAD2B1B71AA5400626F65 /* MASShortcut.framework in Frameworks */ = {isa = PBXBuildFile; fileRef = CC9AAD2A1B71AA5400626F65 /* MASShortcut.framework */; };
		CC9AAD2C1B71AA5400626F65 /* MASShortcut.framework in Embed Frameworks */ = {isa = PBXBuildFile; fileRef = CC9AAD2A1B71AA5400626F65 /* MASShortcut.framework */; settings = {ATTRIBUTES = (CodeSignOnCopy, RemoveHeadersOnCopy, ); }; };
/* End PBXBuildFile section */

/* Begin PBXContainerItemProxy section */
		CC6D8EDB1B654099005682C0 /* PBXContainerItemProxy */ = {
			isa = PBXContainerItemProxy;
			containerPortal = CC6D8EC01B654099005682C0 /* Project object */;
			proxyType = 1;
			remoteGlobalIDString = CC6D8EC71B654099005682C0;
			remoteInfo = kawa;
		};
/* End PBXContainerItemProxy section */

/* Begin PBXCopyFilesBuildPhase section */
		CC9AAD2D1B71AA5400626F65 /* Embed Frameworks */ = {
			isa = PBXCopyFilesBuildPhase;
			buildActionMask = 2147483647;
			dstPath = "";
			dstSubfolderSpec = 10;
			files = (
				CC9AAD2C1B71AA5400626F65 /* MASShortcut.framework in Embed Frameworks */,
			);
			name = "Embed Frameworks";
			runOnlyForDeploymentPostprocessing = 0;
		};
/* End PBXCopyFilesBuildPhase section */

/* Begin PBXFileReference section */
		CC1FEF6D1B685E9A005E9BC8 /* BridgingHeader.h */ = {isa = PBXFileReference; lastKnownFileType = sourcecode.c.h; path = BridgingHeader.h; sourceTree = "<group>"; };
		CC1FEF6E1B685FD3005E9BC8 /* ShortcutCellView.swift */ = {isa = PBXFileReference; fileEncoding = 4; lastKnownFileType = sourcecode.swift; path = ShortcutCellView.swift; sourceTree = "<group>"; };
		CC4065BD1B6D334B000E1E87 /* Settings.swift */ = {isa = PBXFileReference; fileEncoding = 4; lastKnownFileType = sourcecode.swift; path = Settings.swift; sourceTree = "<group>"; };
		CC4065BF1B6DD9C3000E1E87 /* LaunchOnStartup.swift */ = {isa = PBXFileReference; fileEncoding = 4; lastKnownFileType = sourcecode.swift; path = LaunchOnStartup.swift; sourceTree = "<group>"; };
		CC4181671B6CB3CB007DA794 /* SystemSettingViewController.swift */ = {isa = PBXFileReference; fileEncoding = 4; lastKnownFileType = sourcecode.swift; path = SystemSettingViewController.swift; sourceTree = "<group>"; };
		CC69E0751B663E1E00A92F58 /* PreferenceWindowController.swift */ = {isa = PBXFileReference; fileEncoding = 4; lastKnownFileType = sourcecode.swift; path = PreferenceWindowController.swift; sourceTree = "<group>"; };
		CC69E0771B66415300A92F58 /* ShortcutViewController.swift */ = {isa = PBXFileReference; fileEncoding = 4; lastKnownFileType = sourcecode.swift; path = ShortcutViewController.swift; sourceTree = "<group>"; };
		CC69E0791B6646B200A92F58 /* StatusBar.swift */ = {isa = PBXFileReference; fileEncoding = 4; lastKnownFileType = sourcecode.swift; path = StatusBar.swift; sourceTree = "<group>"; };
		CC69E07B1B665A5C00A92F58 /* ShortcutTableView.swift */ = {isa = PBXFileReference; fileEncoding = 4; lastKnownFileType = sourcecode.swift; path = ShortcutTableView.swift; sourceTree = "<group>"; };
		CC6D8EC81B654099005682C0 /* kawa.app */ = {isa = PBXFileReference; explicitFileType = wrapper.application; includeInIndex = 0; path = kawa.app; sourceTree = BUILT_PRODUCTS_DIR; };
		CC6D8ECC1B654099005682C0 /* Info.plist */ = {isa = PBXFileReference; lastKnownFileType = text.plist.xml; path = Info.plist; sourceTree = "<group>"; };
		CC6D8ECD1B654099005682C0 /* AppDelegate.swift */ = {isa = PBXFileReference; lastKnownFileType = sourcecode.swift; path = AppDelegate.swift; sourceTree = "<group>"; };
		CC6D8ED11B654099005682C0 /* Images.xcassets */ = {isa = PBXFileReference; lastKnownFileType = folder.assetcatalog; path = Images.xcassets; sourceTree = "<group>"; };
		CC6D8ED41B654099005682C0 /* Base */ = {isa = PBXFileReference; lastKnownFileType = file.storyboard; name = Base; path = Base.lproj/Main.storyboard; sourceTree = "<group>"; };
		CC6D8EDA1B654099005682C0 /* kawaTests.xctest */ = {isa = PBXFileReference; explicitFileType = wrapper.cfbundle; includeInIndex = 0; path = kawaTests.xctest; sourceTree = BUILT_PRODUCTS_DIR; };
		CC6D8EDF1B654099005682C0 /* Info.plist */ = {isa = PBXFileReference; lastKnownFileType = text.plist.xml; path = Info.plist; sourceTree = "<group>"; };
		CC6D8EE01B654099005682C0 /* kawaTests.swift */ = {isa = PBXFileReference; lastKnownFileType = sourcecode.swift; path = kawaTests.swift; sourceTree = "<group>"; };
		CC6D8EEA1B654143005682C0 /* InputSourceManager.swift */ = {isa = PBXFileReference; fileEncoding = 4; lastKnownFileType = sourcecode.swift; path = InputSourceManager.swift; sourceTree = "<group>"; };
		CC9AAD2A1B71AA5400626F65 /* MASShortcut.framework */ = {isa = PBXFileReference; lastKnownFileType = wrapper.framework; name = MASShortcut.framework; path = Carthage/Build/Mac/MASShortcut.framework; sourceTree = "<group>"; };
/* End PBXFileReference section */

/* Begin PBXFrameworksBuildPhase section */
		CC6D8EC51B654099005682C0 /* Frameworks */ = {
			isa = PBXFrameworksBuildPhase;
			buildActionMask = 2147483647;
			files = (
				CC9AAD2B1B71AA5400626F65 /* MASShortcut.framework in Frameworks */,
			);
			runOnlyForDeploymentPostprocessing = 0;
		};
		CC6D8ED71B654099005682C0 /* Frameworks */ = {
			isa = PBXFrameworksBuildPhase;
			buildActionMask = 2147483647;
			files = (
			);
			runOnlyForDeploymentPostprocessing = 0;
		};
/* End PBXFrameworksBuildPhase section */

/* Begin PBXGroup section */
		CC6D8EBF1B654099005682C0 = {
			isa = PBXGroup;
			children = (
				CC6D8ECA1B654099005682C0 /* kawa */,
				CC6D8EDD1B654099005682C0 /* kawaTests */,
				CC6D8EC91B654099005682C0 /* Products */,
				CC9AAD2A1B71AA5400626F65 /* MASShortcut.framework */,
			);
			sourceTree = "<group>";
		};
		CC6D8EC91B654099005682C0 /* Products */ = {
			isa = PBXGroup;
			children = (
				CC6D8EC81B654099005682C0 /* kawa.app */,
				CC6D8EDA1B654099005682C0 /* kawaTests.xctest */,
			);
			name = Products;
			sourceTree = "<group>";
		};
		CC6D8ECA1B654099005682C0 /* kawa */ = {
			isa = PBXGroup;
			children = (
				CC6D8ECD1B654099005682C0 /* AppDelegate.swift */,
				CC6D8EEA1B654143005682C0 /* InputSourceManager.swift */,
				CC4065BF1B6DD9C3000E1E87 /* LaunchOnStartup.swift */,
				CC69E0751B663E1E00A92F58 /* PreferenceWindowController.swift */,
				CC4065BD1B6D334B000E1E87 /* Settings.swift */,
				CC69E0771B66415300A92F58 /* ShortcutViewController.swift */,
				CC69E07B1B665A5C00A92F58 /* ShortcutTableView.swift */,
				CC1FEF6E1B685FD3005E9BC8 /* ShortcutCellView.swift */,
				CC69E0791B6646B200A92F58 /* StatusBar.swift */,
				CC4181671B6CB3CB007DA794 /* SystemSettingViewController.swift */,
				CC6D8ED11B654099005682C0 /* Images.xcassets */,
				CC6D8ED31B654099005682C0 /* Main.storyboard */,
				CC1FEF6D1B685E9A005E9BC8 /* BridgingHeader.h */,
				CC6D8ECB1B654099005682C0 /* Supporting Files */,
			);
			path = kawa;
			sourceTree = "<group>";
		};
		CC6D8ECB1B654099005682C0 /* Supporting Files */ = {
			isa = PBXGroup;
			children = (
				CC6D8ECC1B654099005682C0 /* Info.plist */,
			);
			name = "Supporting Files";
			sourceTree = "<group>";
		};
		CC6D8EDD1B654099005682C0 /* kawaTests */ = {
			isa = PBXGroup;
			children = (
				CC6D8EE01B654099005682C0 /* kawaTests.swift */,
				CC6D8EDE1B654099005682C0 /* Supporting Files */,
			);
			path = kawaTests;
			sourceTree = "<group>";
		};
		CC6D8EDE1B654099005682C0 /* Supporting Files */ = {
			isa = PBXGroup;
			children = (
				CC6D8EDF1B654099005682C0 /* Info.plist */,
			);
			name = "Supporting Files";
			sourceTree = "<group>";
		};
/* End PBXGroup section */

/* Begin PBXNativeTarget section */
		CC6D8EC71B654099005682C0 /* kawa */ = {
			isa = PBXNativeTarget;
			buildConfigurationList = CC6D8EE41B654099005682C0 /* Build configuration list for PBXNativeTarget "kawa" */;
			buildPhases = (
				CC6D8EC41B654099005682C0 /* Sources */,
				CC6D8EC51B654099005682C0 /* Frameworks */,
				CC6D8EC61B654099005682C0 /* Resources */,
				CC9AAD2D1B71AA5400626F65 /* Embed Frameworks */,
			);
			buildRules = (
			);
			dependencies = (
			);
			name = kawa;
			productName = kawa;
			productReference = CC6D8EC81B654099005682C0 /* kawa.app */;
			productType = "com.apple.product-type.application";
		};
		CC6D8ED91B654099005682C0 /* kawaTests */ = {
			isa = PBXNativeTarget;
			buildConfigurationList = CC6D8EE71B654099005682C0 /* Build configuration list for PBXNativeTarget "kawaTests" */;
			buildPhases = (
				CC6D8ED61B654099005682C0 /* Sources */,
				CC6D8ED71B654099005682C0 /* Frameworks */,
				CC6D8ED81B654099005682C0 /* Resources */,
			);
			buildRules = (
			);
			dependencies = (
				CC6D8EDC1B654099005682C0 /* PBXTargetDependency */,
			);
			name = kawaTests;
			productName = kawaTests;
			productReference = CC6D8EDA1B654099005682C0 /* kawaTests.xctest */;
			productType = "com.apple.product-type.bundle.unit-test";
		};
/* End PBXNativeTarget section */

/* Begin PBXProject section */
		CC6D8EC01B654099005682C0 /* Project object */ = {
			isa = PBXProject;
			attributes = {
				LastUpgradeCheck = 0640;
				ORGANIZATIONNAME = noraesae;
				TargetAttributes = {
					CC6D8EC71B654099005682C0 = {
						CreatedOnToolsVersion = 6.4;
					};
					CC6D8ED91B654099005682C0 = {
						CreatedOnToolsVersion = 6.4;
						TestTargetID = CC6D8EC71B654099005682C0;
					};
				};
			};
			buildConfigurationList = CC6D8EC31B654099005682C0 /* Build configuration list for PBXProject "kawa" */;
			compatibilityVersion = "Xcode 3.2";
			developmentRegion = English;
			hasScannedForEncodings = 0;
			knownRegions = (
				en,
				Base,
			);
			mainGroup = CC6D8EBF1B654099005682C0;
			productRefGroup = CC6D8EC91B654099005682C0 /* Products */;
			projectDirPath = "";
			projectRoot = "";
			targets = (
				CC6D8EC71B654099005682C0 /* kawa */,
				CC6D8ED91B654099005682C0 /* kawaTests */,
			);
		};
/* End PBXProject section */

/* Begin PBXResourcesBuildPhase section */
		CC6D8EC61B654099005682C0 /* Resources */ = {
			isa = PBXResourcesBuildPhase;
			buildActionMask = 2147483647;
			files = (
				CC6D8ED21B654099005682C0 /* Images.xcassets in Resources */,
				CC6D8ED51B654099005682C0 /* Main.storyboard in Resources */,
			);
			runOnlyForDeploymentPostprocessing = 0;
		};
		CC6D8ED81B654099005682C0 /* Resources */ = {
			isa = PBXResourcesBuildPhase;
			buildActionMask = 2147483647;
			files = (
			);
			runOnlyForDeploymentPostprocessing = 0;
		};
/* End PBXResourcesBuildPhase section */

/* Begin PBXSourcesBuildPhase section */
		CC6D8EC41B654099005682C0 /* Sources */ = {
			isa = PBXSourcesBuildPhase;
			buildActionMask = 2147483647;
			files = (
				CC1FEF6F1B685FD3005E9BC8 /* ShortcutCellView.swift in Sources */,
				CC69E07C1B665A5C00A92F58 /* ShortcutTableView.swift in Sources */,
				CC4181681B6CB3CB007DA794 /* SystemSettingViewController.swift in Sources */,
				CC69E07A1B6646B200A92F58 /* StatusBar.swift in Sources */,
				CC69E0761B663E1E00A92F58 /* PreferenceWindowController.swift in Sources */,
				CC4065C01B6DD9C3000E1E87 /* LaunchOnStartup.swift in Sources */,
				CC6D8ECE1B654099005682C0 /* AppDelegate.swift in Sources */,
				CC4065BE1B6D334B000E1E87 /* Settings.swift in Sources */,
				CC6D8EEB1B654143005682C0 /* InputSourceManager.swift in Sources */,
				CC69E0781B66415300A92F58 /* ShortcutViewController.swift in Sources */,
			);
			runOnlyForDeploymentPostprocessing = 0;
		};
		CC6D8ED61B654099005682C0 /* Sources */ = {
			isa = PBXSourcesBuildPhase;
			buildActionMask = 2147483647;
			files = (
				CC6D8EE11B654099005682C0 /* kawaTests.swift in Sources */,
			);
			runOnlyForDeploymentPostprocessing = 0;
		};
/* End PBXSourcesBuildPhase section */

/* Begin PBXTargetDependency section */
		CC6D8EDC1B654099005682C0 /* PBXTargetDependency */ = {
			isa = PBXTargetDependency;
			target = CC6D8EC71B654099005682C0 /* kawa */;
			targetProxy = CC6D8EDB1B654099005682C0 /* PBXContainerItemProxy */;
		};
/* End PBXTargetDependency section */

/* Begin PBXVariantGroup section */
		CC6D8ED31B654099005682C0 /* Main.storyboard */ = {
			isa = PBXVariantGroup;
			children = (
				CC6D8ED41B654099005682C0 /* Base */,
			);
			name = Main.storyboard;
			sourceTree = "<group>";
		};
/* End PBXVariantGroup section */

/* Begin XCBuildConfiguration section */
		CC6D8EE21B654099005682C0 /* Debug */ = {
			isa = XCBuildConfiguration;
			buildSettings = {
				ALWAYS_SEARCH_USER_PATHS = NO;
				CLANG_CXX_LANGUAGE_STANDARD = "gnu++0x";
				CLANG_CXX_LIBRARY = "libc++";
				CLANG_ENABLE_MODULES = YES;
				CLANG_ENABLE_OBJC_ARC = YES;
				CLANG_WARN_BOOL_CONVERSION = YES;
				CLANG_WARN_CONSTANT_CONVERSION = YES;
				CLANG_WARN_DIRECT_OBJC_ISA_USAGE = YES_ERROR;
				CLANG_WARN_EMPTY_BODY = YES;
				CLANG_WARN_ENUM_CONVERSION = YES;
				CLANG_WARN_INT_CONVERSION = YES;
				CLANG_WARN_OBJC_ROOT_CLASS = YES_ERROR;
				CLANG_WARN_UNREACHABLE_CODE = YES;
				CLANG_WARN__DUPLICATE_METHOD_MATCH = YES;
				CODE_SIGN_IDENTITY = "-";
				COPY_PHASE_STRIP = NO;
				DEBUG_INFORMATION_FORMAT = dwarf;
				ENABLE_STRICT_OBJC_MSGSEND = YES;
				GCC_C_LANGUAGE_STANDARD = gnu99;
				GCC_DYNAMIC_NO_PIC = NO;
				GCC_NO_COMMON_BLOCKS = YES;
				GCC_OPTIMIZATION_LEVEL = 0;
				GCC_PREPROCESSOR_DEFINITIONS = (
					"DEBUG=1",
					"$(inherited)",
				);
				GCC_SYMBOLS_PRIVATE_EXTERN = NO;
				GCC_WARN_64_TO_32_BIT_CONVERSION = YES;
				GCC_WARN_ABOUT_RETURN_TYPE = YES_ERROR;
				GCC_WARN_UNDECLARED_SELECTOR = YES;
				GCC_WARN_UNINITIALIZED_AUTOS = YES_AGGRESSIVE;
				GCC_WARN_UNUSED_FUNCTION = YES;
				GCC_WARN_UNUSED_VARIABLE = YES;
				MACOSX_DEPLOYMENT_TARGET = 10.10;
				MTL_ENABLE_DEBUG_INFO = YES;
				ONLY_ACTIVE_ARCH = YES;
				SDKROOT = macosx;
				SWIFT_OPTIMIZATION_LEVEL = "-Onone";
			};
			name = Debug;
		};
		CC6D8EE31B654099005682C0 /* Release */ = {
			isa = XCBuildConfiguration;
			buildSettings = {
				ALWAYS_SEARCH_USER_PATHS = NO;
				CLANG_CXX_LANGUAGE_STANDARD = "gnu++0x";
				CLANG_CXX_LIBRARY = "libc++";
				CLANG_ENABLE_MODULES = YES;
				CLANG_ENABLE_OBJC_ARC = YES;
				CLANG_WARN_BOOL_CONVERSION = YES;
				CLANG_WARN_CONSTANT_CONVERSION = YES;
				CLANG_WARN_DIRECT_OBJC_ISA_USAGE = YES_ERROR;
				CLANG_WARN_EMPTY_BODY = YES;
				CLANG_WARN_ENUM_CONVERSION = YES;
				CLANG_WARN_INT_CONVERSION = YES;
				CLANG_WARN_OBJC_ROOT_CLASS = YES_ERROR;
				CLANG_WARN_UNREACHABLE_CODE = YES;
				CLANG_WARN__DUPLICATE_METHOD_MATCH = YES;
				CODE_SIGN_IDENTITY = "-";
				COPY_PHASE_STRIP = NO;
				DEBUG_INFORMATION_FORMAT = "dwarf-with-dsym";
				ENABLE_NS_ASSERTIONS = NO;
				ENABLE_STRICT_OBJC_MSGSEND = YES;
				GCC_C_LANGUAGE_STANDARD = gnu99;
				GCC_NO_COMMON_BLOCKS = YES;
				GCC_WARN_64_TO_32_BIT_CONVERSION = YES;
				GCC_WARN_ABOUT_RETURN_TYPE = YES_ERROR;
				GCC_WARN_UNDECLARED_SELECTOR = YES;
				GCC_WARN_UNINITIALIZED_AUTOS = YES_AGGRESSIVE;
				GCC_WARN_UNUSED_FUNCTION = YES;
				GCC_WARN_UNUSED_VARIABLE = YES;
				MACOSX_DEPLOYMENT_TARGET = 10.10;
				MTL_ENABLE_DEBUG_INFO = NO;
				SDKROOT = macosx;
			};
			name = Release;
		};
		CC6D8EE51B654099005682C0 /* Debug */ = {
			isa = XCBuildConfiguration;
			buildSettings = {
				ASSETCATALOG_COMPILER_APPICON_NAME = AppIcon;
				COMBINE_HIDPI_IMAGES = YES;
				FRAMEWORK_SEARCH_PATHS = (
					"$(inherited)",
					"$(PROJECT_DIR)/Carthage/Build/Mac",
				);
				INFOPLIST_FILE = kawa/Info.plist;
				LD_RUNPATH_SEARCH_PATHS = "$(inherited) @executable_path/../Frameworks";
				PRODUCT_NAME = "$(TARGET_NAME)";
				SWIFT_OBJC_BRIDGING_HEADER = kawa/BridgingHeader.h;
			};
			name = Debug;
		};
		CC6D8EE61B654099005682C0 /* Release */ = {
			isa = XCBuildConfiguration;
			buildSettings = {
				ASSETCATALOG_COMPILER_APPICON_NAME = AppIcon;
				COMBINE_HIDPI_IMAGES = YES;
				FRAMEWORK_SEARCH_PATHS = (
					"$(inherited)",
					"$(PROJECT_DIR)/Carthage/Build/Mac",
				);
				INFOPLIST_FILE = kawa/Info.plist;
				LD_RUNPATH_SEARCH_PATHS = "$(inherited) @executable_path/../Frameworks";
				PRODUCT_NAME = "$(TARGET_NAME)";
				SWIFT_OBJC_BRIDGING_HEADER = kawa/BridgingHeader.h;
			};
			name = Release;
		};
		CC6D8EE81B654099005682C0 /* Debug */ = {
			isa = XCBuildConfiguration;
			buildSettings = {
				BUNDLE_LOADER = "$(TEST_HOST)";
				COMBINE_HIDPI_IMAGES = YES;
				FRAMEWORK_SEARCH_PATHS = (
					"$(DEVELOPER_FRAMEWORKS_DIR)",
					"$(inherited)",
				);
				GCC_PREPROCESSOR_DEFINITIONS = (
					"DEBUG=1",
					"$(inherited)",
				);
				INFOPLIST_FILE = kawaTests/Info.plist;
				LD_RUNPATH_SEARCH_PATHS = "$(inherited) @executable_path/../Frameworks @loader_path/../Frameworks";
				PRODUCT_NAME = "$(TARGET_NAME)";
				TEST_HOST = "$(BUILT_PRODUCTS_DIR)/kawa.app/Contents/MacOS/kawa";
			};
			name = Debug;
		};
		CC6D8EE91B654099005682C0 /* Release */ = {
			isa = XCBuildConfiguration;
			buildSettings = {
				BUNDLE_LOADER = "$(TEST_HOST)";
				COMBINE_HIDPI_IMAGES = YES;
				FRAMEWORK_SEARCH_PATHS = (
					"$(DEVELOPER_FRAMEWORKS_DIR)",
					"$(inherited)",
				);
				INFOPLIST_FILE = kawaTests/Info.plist;
				LD_RUNPATH_SEARCH_PATHS = "$(inherited) @executable_path/../Frameworks @loader_path/../Frameworks";
				PRODUCT_NAME = "$(TARGET_NAME)";
				TEST_HOST = "$(BUILT_PRODUCTS_DIR)/kawa.app/Contents/MacOS/kawa";
			};
			name = Release;
		};
/* End XCBuildConfiguration section */

/* Begin XCConfigurationList section */
		CC6D8EC31B654099005682C0 /* Build configuration list for PBXProject "kawa" */ = {
			isa = XCConfigurationList;
			buildConfigurations = (
				CC6D8EE21B654099005682C0 /* Debug */,
				CC6D8EE31B654099005682C0 /* Release */,
			);
			defaultConfigurationIsVisible = 0;
			defaultConfigurationName = Release;
		};
		CC6D8EE41B654099005682C0 /* Build configuration list for PBXNativeTarget "kawa" */ = {
			isa = XCConfigurationList;
			buildConfigurations = (
				CC6D8EE51B654099005682C0 /* Debug */,
				CC6D8EE61B654099005682C0 /* Release */,
			);
			defaultConfigurationIsVisible = 0;
			defaultConfigurationName = Release;
		};
		CC6D8EE71B654099005682C0 /* Build configuration list for PBXNativeTarget "kawaTests" */ = {
			isa = XCConfigurationList;
			buildConfigurations = (
				CC6D8EE81B654099005682C0 /* Debug */,
				CC6D8EE91B654099005682C0 /* Release */,
			);
			defaultConfigurationIsVisible = 0;
			defaultConfigurationName = Release;
		};
/* End XCConfigurationList section */
	};
	rootObject = CC6D8EC01B654099005682C0 /* Project object */;
}
